
Microsoft Visual Studio Solution File, Format Version 12.00
# Visual Studio Version 17
VisualStudioVersion = 17.13.35818.85 d17.13
MinimumVisualStudioVersion = 10.0.40219.1
Project("{FAE04EC0-301F-11D3-BF4B-00C04F79EFBC}") = "202502.21", "202502.21\202502.21.csproj", "{2E18854D-939D-446D-BE63-6B1064AF5B9B}"
EndProject
Global
	GlobalSection(SolutionConfigurationPlatforms) = preSolution
		Debug|Any CPU = Debug|Any CPU
		Release|Any CPU = Release|Any CPU
	EndGlobalSection
	GlobalSection(ProjectConfigurationPlatforms) = postSolution
		{2E18854D-939D-446D-BE63-6B1064AF5B9B}.Debug|Any CPU.ActiveCfg = Debug|Any CPU
		{2E18854D-939D-446D-BE63-6B1064AF5B9B}.Debug|Any CPU.Build.0 = Debug|Any CPU
		{2E18854D-939D-446D-BE63-6B1064AF5B9B}.Release|Any CPU.ActiveCfg = Release|Any CPU
		{2E18854D-939D-446D-BE63-6B1064AF5B9B}.Release|Any CPU.Build.0 = Release|Any CPU
	EndGlobalSection
	GlobalSection(SolutionProperties) = preSolution
		HideSolutionNode = FALSE
	EndGlobalSection
	GlobalSection(ExtensibilityGlobals) = postSolution
		SolutionGuid = {6BEAAEF8-343D-4E87-ABA6-B60D80C723C8}
	EndGlobalSection
EndGlobal
