
Microsoft Visual Studio Solution File, Format Version 12.00
# Visual Studio Version 17
VisualStudioVersion = 17.13.35818.85 d17.13
MinimumVisualStudioVersion = 10.0.40219.1
Project("{FAE04EC0-301F-11D3-BF4B-00C04F79EFBC}") = "ConsoleApp8", "ConsoleApp8\ConsoleApp8.csproj", "{5AB10E24-957B-48AD-8AEA-5C2D7B40A04B}"
EndProject
Global
	GlobalSection(SolutionConfigurationPlatforms) = preSolution
		Debug|Any CPU = Debug|Any CPU
		Release|Any CPU = Release|Any CPU
	EndGlobalSection
	GlobalSection(ProjectConfigurationPlatforms) = postSolution
		{5AB10E24-957B-48AD-8AEA-5C2D7B40A04B}.Debug|Any CPU.ActiveCfg = Debug|Any CPU
		{5AB10E24-957B-48AD-8AEA-5C2D7B40A04B}.Debug|Any CPU.Build.0 = Debug|Any CPU
		{5AB10E24-957B-48AD-8AEA-5C2D7B40A04B}.Release|Any CPU.ActiveCfg = Release|Any CPU
		{5AB10E24-957B-48AD-8AEA-5C2D7B40A04B}.Release|Any CPU.Build.0 = Release|Any CPU
	EndGlobalSection
	GlobalSection(SolutionProperties) = preSolution
		HideSolutionNode = FALSE
	EndGlobalSection
	GlobalSection(ExtensibilityGlobals) = postSolution
		SolutionGuid = {F761AE92-35DA-478D-93BA-095D0731AEC3}
	EndGlobalSection
EndGlobal
