
Microsoft Visual Studio Solution File, Format Version 12.00
# Visual Studio Version 17
VisualStudioVersion = 17.13.35818.85 d17.13
MinimumVisualStudioVersion = 10.0.40219.1
Project("{FAE04EC0-301F-11D3-BF4B-00C04F79EFBC}") = "모험가키우기", "모험가키우기\모험가키우기.csproj", "{969D4C56-0660-435A-BFA3-132B88EFEA8B}"
EndProject
Global
	GlobalSection(SolutionConfigurationPlatforms) = preSolution
		Debug|Any CPU = Debug|Any CPU
		Release|Any CPU = Release|Any CPU
	EndGlobalSection
	GlobalSection(ProjectConfigurationPlatforms) = postSolution
		{969D4C56-0660-435A-BFA3-132B88EFEA8B}.Debug|Any CPU.ActiveCfg = Debug|Any CPU
		{969D4C56-0660-435A-BFA3-132B88EFEA8B}.Debug|Any CPU.Build.0 = Debug|Any CPU
		{969D4C56-0660-435A-BFA3-132B88EFEA8B}.Release|Any CPU.ActiveCfg = Release|Any CPU
		{969D4C56-0660-435A-BFA3-132B88EFEA8B}.Release|Any CPU.Build.0 = Release|Any CPU
	EndGlobalSection
	GlobalSection(SolutionProperties) = preSolution
		HideSolutionNode = FALSE
	EndGlobalSection
	GlobalSection(ExtensibilityGlobals) = postSolution
		SolutionGuid = {78283DA6-C3A4-4F9E-A4D3-2F44955513A6}
	EndGlobalSection
EndGlobal
